lockfileVersion: '9.0'
settings:
  autoInstallPeers: true
  excludeLinksFromLockfile: false
importers:
  .:
    dependencies:
      '@aws-sdk/client-s3':
        specifier: ^3.750.0
        version: 3.1121.0
      '@aws-sdk/lib-storage':
        specifier: ^3.750.0
        version: 3.1121.0(@aws-sdk/client-s3@3.1121.0)
      '@ipld/car':
        specifier: ^5.4.0
        version: 5.4.7
      base-path-converter:
        specifier: ^1.0.2
        version: 1.0.2
      blockstore-core:
        specifier: ^5.0.4
        version: 5.0.4
      form-data:
        specifier: ^4.0.6
        version: 4.0.6
      got:
        specifier: ^14.4.5
        version: 14.6.6
      ipfs-unixfs-importer:
        specifier: ^15.3.2
        version: 15.4.0
      recursive-fs:
        specifier: ^2.1.0
        version: 2.1.0
packages:
  '@assemblyscript/loader@0.9.4':
    resolution: {integrity: sha512-HazVq9zwTVwGmqdwYzu7WyQ6FQVZ7SwET0KKQuKm55jD0IfUpZgN0OPIiZG3zV1iSrVYcN0bdwLRXI/VNCYsUA==}
  '@aws-sdk/checksums@3.1000.29':
    resolution: {integrity: sha512-Dtu0gr4dnATZAPwEYbpCsG+MpLM7OAliy2gTepEFQwl1vZ6DL3QMH2FveMa3HLvPsOdhJsPRB3KtxVhph9T75A==}
    engines: {node: '>=20.0.0'}
  '@aws-sdk/client-s3@3.1121.0':
    resolution: {integrity: sha512-hBnoqaVBeWdkgXcJElMXA2yUZWkBCBntu2qmN+tfqmzC+j4LzJC3ox8qIgS2WdMS1cb8UwyBogUVrkRXybNm0A==}
    engines: {node: '>=20.0.0'}
  '@aws-sdk/core@3.977.9':
    resolution: {integrity: sha512-reqPFEQrZxDZpeGj4PFMepBeR5LGYHRqq/L0motTzgFkCRBA4rFdaVXDSLYyGHhxVz7sT2PDnPN9CluGSfgyJA==}
    engines: {node: '>=20.0.0'}
  '@aws-sdk/credential-provider-env@3.972.70':
    resolution: {integrity: sha512-H404B7dJl2mCrBqahDEYsanB0xhdDp6tXnXcTUnXmmpy2Q3J0Ho0bUajZ2jr/RdwzCyS59Gi8xXIFwPLGBl6Uw==}
    engines: {node: '>=20.0.0'}
  '@aws-sdk/credential-provider-http@3.972.72':
    resolution: {integrity: sha512-X98zYOrVOeuosCX+6ktf29FC2N2GHPLia7qv6mzPzTc+RPAuHWCDS++Z6JK7eGYqb/v6uaW7bAXaOvDBfol+0w==}
    engines: {node: '>=20.0.0'}
  '@aws-sdk/credential-provider-ini@3.973.15':
    resolution: {integrity: sha512-Rykg6s5ceBuynMOGWgoowO4N+27JfnqXAnVaSunZl0hOO1XodSrxGNz6sCEbnmS0lAfQZDKyb3fbr46gSuv6Sg==}
    engines: {node: '>=20.0.0'}
  '@aws-sdk/credential-provider-login@3.972.77':
    resolution: {integrity: sha512-Jb59xfEISoN5mmbnA+HYqdtrSX3CgCtJoof+V5D8/TgUI56W63GEEd5Y58WijU3Ou6+WEgaLD1feVzaRXV5IDQ==}
    engines: {node: '>=20.0.0'}
  '@aws-sdk/credential-provider-node@3.972.81':
    resolution: {integrity: sha512-Rml+WitoFvXmv6JZ18U/xGdGDGGvB/mOin0ya0lTnTrdC0Z1lrVxTYh7iNklZBcvcRMrs4DoEf6xy1KWyrLQQw==}
    engines: {node: '>=20.0.0'}
  '@aws-sdk/credential-provider-process@3.972.70':
    resolution: {integrity: sha512-2ry03fGRJr4sV3jI+ocjj5JqALnFD6ymM5KiNCDZMvq8bX2GSbE0vji4aM43TVCl2nXqqLRZaUxdq/KeWRAY4Q==}
    engines: {node: '>=20.0.0'}
  '@aws-sdk/credential-provider-sso@3.973.14':
    resolution: {integrity: sha512-jkhg/8ocAAoc0RFyLMhCw+/zZh7gystQgd4F4hznNa8P4Cc501PQmxd+jGLiMHodPJ+7Zv/3znM62gZojyasmA==}
    engines: {node: '>=20.0.0'}
  '@aws-sdk/credential-provider-web-identity@3.972.76':
    resolution: {integrity: sha512-d3AGyVu759PGr35mEB2s22xxlNEA5rpdxtSPJthfPFJvoQ8dt357iVPECqWfUxXp1toJAvKmbtcIYVGigaGsCA==}
    engines: {node: '>=20.0.0'}
  '@aws-sdk/lib-storage@3.1121.0':
    resolution: {integrity: sha512-sx86QqM0/HjKNCS5eQGcaP9Q8GKg3FtCExO/6FfGyw00JNUsFJPmEKNCJIkWY7OmKS9jIOuJe/DtAgfr/+G/bQ==}
    engines: {node: '>=20.0.0'}
    peerDependencies:
      '@aws-sdk/client-s3': ^3.1121.0
  '@aws-sdk/middleware-sdk-s3@3.972.75':
    resolution: {integrity: sha512-wMIsNumRVKaNMKhvU/s9VrdEwE8S6gSzXp4RygFG5BEMnGkkXf8cjh8zf7cKJBpUDpqTWqwbz5isEgp9rH6Lng==}
    engines: {node: '>=20.0.0'}
  '@aws-sdk/nested-clients@3.997.44':
    resolution: {integrity: sha512-NhEgryjlBF9w38ZXqGymQV28IhkYa1mKhlbYnqIis57AYwWGVYfUPgg/qC2rLRqOUfblxx++irvju10kVTa8Vw==}
    engines: {node: '>=20.0.0'}
  '@aws-sdk/signature-v4-multi-region@3.996.46':
    resolution: {integrity: sha512-L+2xZTye/2T96f3lwCws0Zw6GG2JHZW9e8FpVgGBeeExSKyeoZ6CWRpBml/7DNiK/O26jrgPM9F+Ay8VkgzUWQ==}
    engines: {node: '>=20.0.0'}
  '@aws-sdk/token-providers@3.1116.0':
    resolution: {integrity: sha512-ygIivKqh8aHzNkucOCXHyIBgBpLPfrSI0mCqXF+vLBsPTUKqj0VSqAY0GFPe7lQl4HntjOcQ+KSyS7oUV2C54Q==}
    engines: {node: '>=20.0.0'}
  '@aws-sdk/types@3.974.5':
    resolution: {integrity: sha512-LkwLL2BLbC6wNNm4JaH9mbEqBMdOZCct6VAYqhdN4U1xrWM+fUJQEfbHwQgDypapOWTRtlk25akb5afM0P8CIQ==}
    engines: {node: '>=20.0.0'}
  '@aws-sdk/xml-builder@3.972.40':
    resolution: {integrity: sha512-wlFmCIGUlwF4zx/kncw+bmxTQh1HeSJq4mYV/V5cZUSJadDP3kXvGW8Rn21cimj/7y9ju+47oYWXi97vF7czaA==}
    engines: {node: '>=20.0.0'}
  '@aws/lambda-invoke-store@0.3.0':
    resolution: {integrity: sha512-sl4Bm6yiMNYrZKkqqDFWN0UfnWhlS8ivKxrYl+6t0gCLrqr8y3B2IqZZbFRkfaVVp7C/baApyh71P+LeE1A2sQ==}
    engines: {node: '>=18.0.0'}
  '@chainsafe/is-ip@2.1.0':
    resolution: {integrity: sha512-KIjt+6IfysQ4GCv66xihEitBjvhU/bixbbbFxdJ1sqCp4uJ0wuZiYBPhksZoy4lfaF0k9cwNzY5upEW/VWdw3w==}
  '@chainsafe/netmask@2.0.0':
    resolution: {integrity: sha512-I3Z+6SWUoaljh3TBzCnCxjlUyN8tA+NAk5L6m9IxvCf1BENQTePzPMis97CoN/iMW1St3WN+AWCCRp+TTBRiDg==}
  '@dnsquery/dns-packet@6.1.1':
    resolution: {integrity: sha512-WXTuFvL3G+74SchFAtz3FgIYVOe196ycvGsMgvSH/8Goptb1qpIQtIuM4SOK9G9lhMWYpHxnXyy544ZhluFOew==}
    engines: {node: '>=6'}
  '@ipld/car@5.4.7':
    resolution: {integrity: sha512-fohzeOYlm0vM1kGn48zcyDunamXSJaeM5xt0Fmkp5YJkZzgZyjLbb0DcDK6TDgZWo54btkXNACaXUw2H86Elag==}
    engines: {node: '>=16.0.0', npm: '>=7.0.0'}
  '@ipld/dag-cbor@10.0.2':
    resolution: {integrity: sha512-1eCD4YMTlkx5i36oQUmeAojLS/wu+XCd1Gs31BA0afk0TaVkhnyMofIAT/pi0wV3HS3/G7QSN/1NibhiksMyZQ==}
  '@ipld/dag-pb@4.1.7':
    resolution: {integrity: sha512-/i/13trFihjWfDyXlylRwhuYjtzYjvOFw0vlRjYGnZuv7d7MOgA2lV/vRuL5RfeUajM03aZfFLdq4S7cTbbTRg==}
    engines: {node: '>=16.0.0', npm: '>=7.0.0'}
  '@keyv/serialize@1.1.1':
    resolution: {integrity: sha512-dXn3FZhPv0US+7dtJsIi2R+c7qWYiReoEh5zUntWCf4oSpMNib8FDhSoed6m3QyZdx5hK7iLFkYk3rNxwt8vTA==}
  '@leichtgewicht/ip-codec@2.0.5':
    resolution: {integrity: sha512-Vo+PSpZG2/fmgmiNzYK9qWRh8h/CHrwD0mo1h1DzL4yzHNSfWYujGTYsWGreD000gcgmZ7K4Ys6Tx9TxtsKdDw==}
  '@libp2p/interface@2.11.0':
    resolution: {integrity: sha512-0MUFKoXWHTQW3oWIgSHApmYMUKWO/Y02+7Hpyp+n3z+geD4Xo2Rku2gYWmxcq+Pyjkz6Q9YjDWz3Yb2SoV2E8Q==}
  '@libp2p/interface@3.3.0':
    resolution: {integrity: sha512-SXahM/4IgpiFKTtocbXYSTA1wEUVjktmT1yBCzBbc2Vgsu1VBCg6SvsFmXo2Hbeyev3D8EU+y3uaCKDB43C/Vg==}
  '@libp2p/logger@5.2.0':
    resolution: {integrity: sha512-OEFS529CnIKfbWEHmuCNESw9q0D0hL8cQ8klQfjIVPur15RcgAEgc1buQ7Y6l0B6tCYg120bp55+e9tGvn8c0g==}
  '@multiformats/dns@1.0.15':
    resolution: {integrity: sha512-W0zAMABtAn+3chgFcPGvllKND7M6GblMAAFcJQTy+iMmGiyFErZYPzAh2b50Y3SFf340iFV7+ckVgZkGfUyxzA==}
  '@multiformats/multiaddr@12.5.1':
    resolution: {integrity: sha512-+DDlr9LIRUS8KncI1TX/FfUn8F2dl6BIxJgshS/yFQCNB5IAF0OGzcwB39g5NLE22s4qqDePv0Qof6HdpJ/4aQ==}
  '@multiformats/multiaddr@13.0.3':
    resolution: {integrity: sha512-mEqqJ4r3a/uuFMTpRkU316wGNIDQNhuVWpm+ebKTQeYsfv9jXbPONWM6VVnj3KGUrwfsX7GZOyp4TFqEA2SPCw==}
  '@multiformats/murmur3@2.2.8':
    resolution: {integrity: sha512-CrsYnnoWbTYPkLl9D6zKaFPlRbnOekofvi93/1IrXc5eaT5QChRscEFV93kVqHwL2phi8u1hj9UnaeFOq2PYMQ==}
  '@sec-ant/readable-stream@0.4.1':
    resolution: {integrity: sha512-831qok9r2t8AlxLko40y2ebgSDhenenCatLVeW/uBtnHPyhHOvG0C7TvfgecV+wHzIm5KUICgzmVpWS+IMEAeg==}
  '@sindresorhus/is@7.2.0':
    resolution: {integrity: sha512-P1Cz1dWaFfR4IR+U13mqqiGsLFf1KbayybWwdd2vfctdV6hDpUkgCY0nKOLLTMSoRd/jJNjtbqzf13K8DCCXQw==}
    engines: {node: '>=18'}
  '@smithy/core@3.33.3':
    resolution: {integrity: sha512-CsOeKq/9kA3y6VJHt+/+VTCtBaxJ4OTFpgrjIUhPpDIKxBci1k2bJaQASF2h/ELWrulGp+t97DZ0mevfAD8idg==}
    engines: {node: '>=18.0.0'}
  '@smithy/credential-provider-imds@4.5.2':
    resolution: {integrity: sha512-A9uSdn72ozbRUSit0eib0TW7nXuNPlaeM0zcGkJ+nE6tFcSDbnmtwoxbTCFBukVQcszDAyvsd7+rTduPTXpygg==}
    engines: {node: '>=18.0.0'}
  '@smithy/fetch-http-handler@5.7.2':
    resolution: {integrity: sha512-nZyWTmSpJEXl6VtWVMBJve/7x12DZu6sIX1z1a+ZMaHlQQRs9Zpu6NbTe/gmxYXVRpkjxyDYpZ5gx2IM6f/Wkw==}
    engines: {node: '>=18.0.0'}
  '@smithy/node-http-handler@4.11.3':
    resolution: {integrity: sha512-2jY1tSpERfPfWqyBV2pH+iGFaghVsIJszJNsT7hxtQYhVJpWDyc0LqOWI+nXOxOAHaEfZ4PXXtp1wW1TGpHhkA==}
    engines: {node: '>=18.0.0'}
  '@smithy/signature-v4@5.7.3':
    resolution: {integrity: sha512-7ImGm+FkHRLcBaRttIAMZ6bzJZWb2cJGoYjq46F2UjycujWzrL9GEN9h4w7eQyXJYnltrUhxbbieBAIRrdqpow==}
    engines: {node: '>=18.0.0'}
  '@smithy/types@4.17.2':
    resolution: {integrity: sha512-FOKpVZob9MPTn2znRzGrnsMHv7BOsKVw3XiP/cOyYLDVZ9qKp4nifIiSCuUU/fIj5Vu0UOAxCFr+qRAtG0NUkA==}
    engines: {node: '>=18.0.0'}
  '@types/http-cache-semantics@4.0.4':
    resolution: {integrity: sha512-1m0bIFVc7eJWyve9S0RnuRgcQqF/Xd5QsUZAZeQFr1Q3/p9JWoQQEqmVy+DPTNpGXwhgIetAoYF8JSc33q29QA==}
  abort-error@1.0.2:
    resolution: {integrity: sha512-lVgvB2NyPLqbXXhVmXcYFTC1x5K7CiVdPgdY7LGgFQWC8506oN01sPN3i9cl9ynuwF4iJ0TS9exnR7cZ9FuX4w==}
  asynckit@0.4.0:
    resolution: {integrity: sha512-Oei9OH4tRh0YqU3GxhX79dM/mwVgvbZJaSNaRk+bshkj0S5cfHcgYakreBjrHwatXKbz+IoIdYLxrKim2MjW0Q==}
  base-path-converter@1.0.2:
    resolution: {integrity: sha512-51R8JiuXadknn6ouVUteOhDpmI3G5u5GqjruL7bPJpfxUHVgosaO5uPAvRP4FeR4VyyH4sSvsN78Ci6ouoRYqQ==}
  base64-js@1.5.1:
    resolution: {integrity: sha512-AKpaYlHn8t4SVbOHCy+b5+KKgvR4vrsD8vbvrbiQJps7fKDTkjkDry6ji0rUJjC0kzbNePLwzxq8iypo41qeWA==}
  bl@5.1.0:
    resolution: {integrity: sha512-tv1ZJHLfTDnXE6tMHv73YgSJaWR2AFuPwMntBe7XL/GBFHnT0CLnsHMogfk5+GzCDC5ZWarSCYaIGATZt9dNsQ==}
  blockstore-core@5.0.4:
    resolution: {integrity: sha512-v7wtBEpW2J/kKljN7Z2u4Tnwr7qwnOvW1aPVfynIxEdejlVC7gg4z9k6iJt7n5XMGkdNnH4HOmVcjYcaMnu7yg==}
  bowser@2.14.1:
    resolution: {integrity: sha512-tzPjzCxygAKWFOJP011oxFHs57HzIhOEracIgAePE4pqB3LikALKnSzUyU4MGs9/iCEUuHlAJTjTc5M+u7YEGg==}
  buffer@5.6.0:
    resolution: {integrity: sha512-/gDYp/UtU0eA1ys8bOs9J6a+E/KWIY+DZ+Q2WESNUA0jFRsJOc0SNUO6xJ5SGA1xueg3NL65W6s+NY5l9cunuw==}
  buffer@6.0.3:
    resolution: {integrity: sha512-FTiCpNxtwiZZHEZbcbTIcZjERVICn9yq/pDFkTl95/AxzD1naBctN7YO68riM/gLSDY7sdrMby8hofADYuuqOA==}
  byte-counter@0.1.0:
    resolution: {integrity: sha512-jheRLVMeUKrDBjVw2O5+k4EvR4t9wtxHL+bo/LxfkxsVeuGMy3a5SEGgXdAFA4FSzTrU8rQXQIrsZ3oBq5a0pQ==}
    engines: {node: '>=20'}
  cacheable-lookup@7.0.0:
    resolution: {integrity: sha512-+qJyx4xiKra8mZrcwhjMRMUhD5NR1R8esPkzIYxX96JiecFoxAXFuz/GpR3+ev4PE1WamHip78wV0vcmPQtp8w==}
    engines: {node: '>=14.16'}
  cacheable-request@13.0.18:
    resolution: {integrity: sha512-rFWadDRKJs3s2eYdXlGggnBZKG7MTblkFBB0YllFds+UYnfogDp2wcR6JN97FhRkHTvq59n2vhNoHNZn29dh/Q==}
    engines: {node: '>=18'}
  call-bind-apply-helpers@1.0.2:
    resolution: {integrity: sha512-Sp1ablJ0ivDkSzjcaJdxEunN5/XvksFJ2sMBFfq6x0ryhQV/2b/KwFe21cMpmHtPOSij8K99/wSfoEuTObmuMQ==}
    engines: {node: '>= 0.4'}
  cborg@6.1.2:
    resolution: {integrity: sha512-hQfFh6FuuCDoycN68FtUpjtQx5kCtxOLA8msbpJZxjtxaMqxgHl+4GNwO+0YexH/lHmVzhhAKa0ua+vtmTRoVw==}
    hasBin: true
  combined-stream@1.0.8:
    resolution: {integrity: sha512-FQN4MRfuJeHf7cBbBMJFXhKSDq+2kAArBlmRBvcvFE5BB1HZKXtSFASDhdlz9zOYwxh8lDdnvmMOe/+5cdoEdg==}
    engines: {node: '>= 0.8'}
  debug@4.4.3:
    resolution: {integrity: sha512-RGwwWnwQvkVfavKVt22FGLw+xYSdzARwm0ru6DhTVA3umU5hZc28V3kO4stgYryrTlLpuvgI9GiijltAjNbcqA==}
    engines: {node: '>=6.0'}
    peerDependencies:
      supports-color: '*'
    peerDependenciesMeta:
      supports-color:
        optional: true
  decompress-response@10.0.0:
    resolution: {integrity: sha512-oj7KWToJuuxlPr7VV0vabvxEIiqNMo+q0NueIiL3XhtwC6FVOX7Hr1c0C4eD0bmf7Zr+S/dSf2xvkH3Ad6sU3Q==}
    engines: {node: '>=20'}
  delayed-stream@1.0.0:
    resolution: {integrity: sha512-ZySD7Nf91aLB0RxL4KGrKHBXl7Eds1DAmEdcoVawXnLD7SDhpNgtuII2aAkg7a7QS41jxPSZ17p4VdGnMHk3MQ==}
    engines: {node: '>=0.4.0'}
  dunder-proto@1.0.1:
    resolution: {integrity: sha512-KIN/nDJBQRcXw0MLVhZE9iQHmG68qAVIBg9CqmUYjmQIhgij9U5MFvrqkUL5FbtyyzZuOeOt0zdeRe4UY7ct+A==}
    engines: {node: '>= 0.4'}
  es-define-property@1.0.1:
    resolution: {integrity: sha512-e3nRfgfUZ4rNGL232gUgX06QNyyez04KdjFrF+LTRoOXmrOgFKDg4BCdsjW8EnT69eqdYGmRpJwiPVYNrCaW3g==}
    engines: {node: '>= 0.4'}
  es-errors@1.3.0:
    resolution: {integrity: sha512-Zf5H2Kxt2xjTvbJvP2ZWLEICxA6j+hAmMzIlypy4xcBg1vKVnx89Wy0GbS+kf5cwCVFFzdCFh2XSCFNULS6csw==}
    engines: {node: '>= 0.4'}
  es-object-atoms@1.1.1:
    resolution: {integrity: sha512-FGgH2h8zKNim9ljj7dankFPcICIK9Cp5bm+c2gQSYePhpaG5+esrLODihIorn+Pe6FGJzWhXQotPv73jTaldXA==}
    engines: {node: '>= 0.4'}
  es-set-tostringtag@2.1.0:
    resolution: {integrity: sha512-j6vWzfrGVfyXxge+O0x5sh6cvxAog0a/4Rdd2K36zCMV5eJ+/+tOAngRO8cODMNWbVRdVlmGZQL2YS3yR8bIUA==}
    engines: {node: '>= 0.4'}
  eventemitter3@5.0.4:
    resolution: {integrity: sha512-mlsTRyGaPBjPedk6Bvw+aqbsXDtoAyAzm5MO7JgU+yVRyMQ5O8bD4Kcci7BS85f93veegeCPkL8R4GLClnjLFw==}
  events@3.3.0:
    resolution: {integrity: sha512-mQw+2fkQbALzQ7V0MY0IqdnXNOeTtP4r0lN9z7AAawCXgqea7bDii20AYrIBrFd/Hx0M2Ocz6S111CaFkUcb0Q==}
    engines: {node: '>=0.8.x'}
  form-data-encoder@4.1.0:
    resolution: {integrity: sha512-G6NsmEW15s0Uw9XnCg+33H3ViYRyiM0hMrMhhqQOR8NFc5GhYrI+6I3u7OTw7b91J2g8rtvMBZJDbcGb2YUniw==}
    engines: {node: '>= 18'}
  form-data@4.0.6:
    resolution: {integrity: sha512-vKatAh4SlVfgbv+YtmhiRjhEMJsYpsG1Y2rMQtR+SVSbytsSD1YGzDIcrAJmdFec88u/+VoGmxnl+80gL1tRCQ==}
    engines: {node: '>= 6'}
  function-bind@1.1.2:
    resolution: {integrity: sha512-7XHNxH7qX9xG5mIwxkhumTox/MIRNcOgDrxWsMt2pAr23WHp6MrRlN7FBSFpCpr+oVO0F744iUgR82nJMfG2SA==}
  get-intrinsic@1.3.0:
    resolution: {integrity: sha512-9fSjSaos/fRIVIp+xSJlE6lfwhES7LNtKaCBIamHsjr2na1BiABJPo0mOjjz8GJDURarmCPGqaiVg5mfjb98CQ==}
    engines: {node: '>= 0.4'}
  get-proto@1.0.1:
    resolution: {integrity: sha512-sTSfBjoXBp89JvIKIefqw7U2CCebsc74kiY6awiGogKtoSGbgjYE/G/+l9sF3MWFPNc9IcoOC4ODfKHfxFmp0g==}
    engines: {node: '>= 0.4'}
  get-stream@9.0.1:
    resolution: {integrity: sha512-kVCxPF3vQM/N0B1PmoqVUqgHP+EeVjmZSQn+1oCRPxd2P21P2F19lIgbR3HBosbB1PUhOAoctJnfEn2GbN2eZA==}
    engines: {node: '>=18'}
  gopd@1.2.0:
    resolution: {integrity: sha512-ZUKRh6/kUFoAiTAtTYPZJ3hw9wNxx+BIBOijnlG9PnrJsCcSjs1wyyD6vJpaYtgnzDrKYRSqf3OO6Rfa93xsRg==}
    engines: {node: '>= 0.4'}
  got@14.6.6:
    resolution: {integrity: sha512-QLV1qeYSo5l13mQzWgP/y0LbMr5Plr5fJilgAIwgnwseproEbtNym8xpLsDzeZ6MWXgNE6kdWGBjdh3zT/Qerg==}
    engines: {node: '>=20'}
  hamt-sharding@3.0.8:
    resolution: {integrity: sha512-pEh4hYa4ZyDJ2jWBTz7MVqTTGC3va3iEIMDJfbCKskR9rzHRd8HVwUyH5nLiLxK6VCFWIJ4vnlAEn4Hwx49Rbg==}
  has-symbols@1.1.0:
    resolution: {integrity: sha512-1cDNdwJ2Jaohmb3sg4OmKaMBwuC48sYni5HUw2DvsC8LjGTLK9h+eb1X6RyuOHe4hT0ULCW68iomhjUoKUqlPQ==}
    engines: {node: '>= 0.4'}
  has-tostringtag@1.0.2:
    resolution: {integrity: sha512-NqADB8VjPFLM2V0VvHUewwwsw0ZWBaIdgo+ieHtK3hasLz4qeCRjYcqfB6AQrBggRKppKF8L52/VqdVsO47Dlw==}
    engines: {node: '>= 0.4'}
  hashlru@2.3.0:
    resolution: {integrity: sha512-0cMsjjIC8I+D3M44pOQdsy0OHXGLVz6Z0beRuufhKa0KfaD2wGwAev6jILzXsd3/vpnNQJmWyZtIILqM1N+n5A==}
  hasown@2.0.4:
    resolution: {integrity: sha512-T2UbfbBEF32wiepXIsMlTW9+dDYC6wMh/t/vYA4tuOMKqWz/n3vr1NFSxQiyP+zk2mXsoMA/i/7qV6LKut1t1A==}
    engines: {node: '>= 0.4'}
  http-cache-semantics@4.2.0:
    resolution: {integrity: sha512-dTxcvPXqPvXBQpq5dUr6mEMJX4oIEFv6bwom3FDwKRDsuIjjJGANqhBuoAn9c1RQJIdAKav33ED65E2ys+87QQ==}
  http2-wrapper@2.2.1:
    resolution: {integrity: sha512-V5nVw1PAOgfI3Lmeaj2Exmeg7fenjhRUgz1lPSezy1CuhPYbgQtbQj4jZfEAEMlaL+vupsvhjqCyjzob0yxsmQ==}
    engines: {node: '>=10.19.0'}
  ieee754@1.2.1:
    resolution: {integrity: sha512-dcyqhDvX1C46lXZcVqCpK+FtMRQVdIMN6/Df5js2zouUsqG7I6sFxitIC+7KYK29KdXOLHdu9zL4sFnoVQnqaA==}
  inherits@2.0.4:
    resolution: {integrity: sha512-k/vGaX4/Yla3WzyMCvTQOXYeIHvqOKtnqBduzTHpzpQZzAskKMhZ2K+EnBiSM9zGSoIFeMpXKxa4dYeZIQqewQ==}
  interface-blockstore@5.3.2:
    resolution: {integrity: sha512-oA9Pjkxun/JHAsZrYEyKX+EoPjLciTzidE7wipLc/3YoHDjzsnXRJzAzFJXNUvogtY4g7hIwxArx8+WKJs2RIg==}
  interface-datastore@8.3.2:
    resolution: {integrity: sha512-R3NLts7pRbJKc3qFdQf+u40hK8XWc0w4Qkx3OFEstC80VoaDUABY/dXA2EJPhtNC+bsrf41Ehvqb6+pnIclyRA==}
  interface-store@6.0.3:
    resolution: {integrity: sha512-+WvfEZnFUhRwFxgz+QCQi7UC6o9AM0EHM9bpIe2Nhqb100NHCsTvNAn4eJgvgV2/tmLo1MP9nGxQKEcZTAueLA==}
  ipfs-unixfs-importer@15.4.0:
    resolution: {integrity: sha512-laypY07Q0uGLMSxx5YsfVAEPVzdbV2p9cEC1/HNxqoWoz83LA2nX45usr8dcehalKLHm38u0FwUiRHq5wCHngQ==}
  ipfs-unixfs@11.2.5:
    resolution: {integrity: sha512-uasYJ0GLPbViaTFsOLnL9YPjX5VmhnqtWRriogAHOe4ApmIi9VAOFBzgDHsUW2ub4pEa/EysbtWk126g2vkU/g==}
  is-stream@4.0.1:
    resolution: {integrity: sha512-Dnz92NInDqYckGEUJv689RbRiTSEHCQ7wOVeALbkOz999YpqT46yMRIGtSNl2iCL1waAZSx40+h59NV/EwzV/A==}
    engines: {node: '>=18'}
  it-all@3.0.11:
    resolution: {integrity: sha512-Gvqj6MO4GMLnFdtE68HZRpGBskNC+9+GQ+JevTGNYLyhjUuPhjDLU3jN1LpBemXJDW1bRSkczqA/qGyKlPKrcQ==}
  it-batch@3.0.11:
    resolution: {integrity: sha512-2bvKErkXhtwKYDLKAGdEgveOs8wB0i3RItbaroP/6cC/QlrM7j+HAq/yJq6ci4J7KnzdRi76GyipKlafdOTBgw==}
  it-filter@3.1.6:
    resolution: {integrity: sha512-yXiGPAvJn/exXjVFSCMQc3+J/7RLpOMwKoY2DH1yMhF4lYkdRoAdOwU0vnDACAlRAexf7AZvESZIc9mzhEoi/A==}
  it-first@3.0.11:
    resolution: {integrity: sha512-0ig8DKpg09V1o7JBagm3oPx3VY7WYfU5w3lpbLbqzijnfMPSvMGoMZuLm17h/RgOJXKP+9mt7vsCNiU2TW8TkQ==}
  it-merge@3.0.15:
    resolution: {integrity: sha512-rUskoyECUdJsUwpfBtiLXddm56J+vukMztq+PpfTss1mRl/aHv1YJs+6Q2XnpvDThFC2y4Xm636X0xh6IecPGg==}
  it-parallel-batch@3.0.11:
    resolution: {integrity: sha512-n2gvHRVx14COn25jkio+fOHuKWaA5EVf9f0GbdWgVe8gXRIMYCai+CbmQACIv7o2Jn3ZAUOXD9Ob1Ftod0qtJQ==}
  it-peekable@3.0.10:
    resolution: {integrity: sha512-2E6+p1pelZOhzp69aaiiBuEybWzAl10uYbIdCR3Pxy8bFNnS/kgpbLtGbNbIZ6RVdU7yHHkmATYwjy52GfFEKA==}
  it-pushable@3.2.4:
    resolution: {integrity: sha512-WSD7Ss4oCRfDZJT4ldLWr0Bom/muY90xxoJ5PQnU3uSKf0kxCOeehqZtiJX1ARqn+ymXGh1bxpDW9bDNHp2ivQ==}
  it-queueless-pushable@2.0.5:
    resolution: {integrity: sha512-BaKqGLL1AQMR1AEaxiM09vzJQVXHHhfhh9UV0qPqORw/8Rm8igDQqT1qHregfHIb1NIW9jxQ/aXBibHJyuivuQ==}
  it-stream-types@2.0.4:
    resolution: {integrity: sha512-tsX+klvMQ53J4Jm2B52vCIs7WD609ck+VS9X2TKMEv7VPY9VwaYKmSWyHek5QS0wHBtP0bWj9KMqCtAHgVKiXw==}
  keyv@5.6.0:
    resolution: {integrity: sha512-CYDD3SOtsHtyXeEORYRx2qBtpDJFjRTGXUtmNEMGyzYOKj1TE3tycdlho7kA1Ufx9OYWZzg52QFBGALTirzDSw==}
  lowercase-keys@3.0.0:
    resolution: {integrity: sha512-ozCC6gdQ+glXOQsveKD0YsDy8DSQFjDTz4zyzEHNV5+JP5D62LmfDZ6o1cycFx9ouG940M5dE8C8CTewdj2YWQ==}
    engines: {node: ^12.20.0 || ^14.13.1 || >=16.0.0}
  main-event@1.0.5:
    resolution: {integrity: sha512-4l9z8r7Q446mhhVTwdHmfPksOYBwN2xa7ewEW2yxPVNQapIaAf57ORFLMB91SpMEMa4wXowect7fq3uMLjDnGA==}
  math-intrinsics@1.1.0:
    resolution: {integrity: sha512-/IXtbwEk5HTPyEwyKX6hGkYXxM9nbj64B+ilVJnC/R6B0pH5G4V3b0pVbL7DBj4tkhBAppbQUlf6F6Xl9LHu1g==}
    engines: {node: '>= 0.4'}
  mime-db@1.52.0:
    resolution: {integrity: sha512-sPU4uV7dYlvtWJxwwxHD0PuihVNiE7TyAbQ5SWxDCB9mUYvOgroQOwYQQOKPJ8CIbE+1ETVlOoK1UC2nU3gYvg==}
    engines: {node: '>= 0.6'}
  mime-types@2.1.35:
    resolution: {integrity: sha512-ZDY+bPm5zTTF+YpCrAU9nK0UgICYPT0QtT1NZWFv4s++TNkcgVaT0g6+4R2uI4MjQjzysHB1zxuWL50hzaeXiw==}
    engines: {node: '>= 0.6'}
  mimic-response@4.0.0:
    resolution: {integrity: sha512-e5ISH9xMYU0DzrT+jl8q2ze9D6eWBto+I8CNpe+VI+K2J/F/k3PdkdTdz4wvGVH4NTpo+NRYTVIuMQEMMcsLqg==}
    engines: {node: ^12.20.0 || ^14.13.1 || >=16.0.0}
  minimist@1.2.8:
    resolution: {integrity: sha512-2yyAR8qBkN3YuheJanUpWC5U3bb5osDywNB8RzDVlDwDHbocAJveqqj1u8+SVD7jkWT4yvsHCpWqqWqAxb0zCA==}
  ms@2.1.3:
    resolution: {integrity: sha512-6FlzubTLZG3J2a/NVCAleEhjzq5oxgHyaCU9yYXvcLsvoVaHJq/s5xXI6/XXP6tz7R9xAOtHnSO/tXtF3WRTlA==}
  ms@4.0.0-nightly.202508271359:
    resolution: {integrity: sha512-WC/Eo7NzFrOV/RRrTaI0fxKVbNCzEy76j2VqNV8SxDf9D69gSE2Lh0QwYvDlhiYmheBYExAvEAxVf5NoN0cj2A==}
    engines: {node: '>=20'}
  multiformats@13.4.2:
    resolution: {integrity: sha512-eh6eHCrRi1+POZ3dA+Dq1C6jhP1GNtr9CRINMb67OKzqW9I5DUuZM/3jLPlzhgpGeiNUlEGEbkCYChXMCc/8DQ==}
  multiformats@14.0.5:
    resolution: {integrity: sha512-vbIm83F2yZ1pWJGS0yl0ysracIvv56LtbrIyiIQHoLdYDJOMoLfVFsXhh9DUH4SFdkdkFhucyWniihsNzVEjkQ==}
  node-fetch@2.7.0:
    resolution: {integrity: sha512-c4FRfUm/dbcWZ7U+1Wq0AwCyFL+3nt2bEw05wfxSz+DWpWsitgmSgYmy2dQdWyKC1694ELPqMs/YzUSNozLt8A==}
    engines: {node: 4.x || >=6.0.0}
    peerDependencies:
      encoding: ^0.1.0
    peerDependenciesMeta:
      encoding:
        optional: true
  normalize-url@8.1.1:
    resolution: {integrity: sha512-JYc0DPlpGWB40kH5g07gGTrYuMqV653k3uBKY6uITPWds3M0ov3GaWGp9lbE3Bzngx8+XkfzgvASb9vk9JDFXQ==}
    engines: {node: '>=14.16'}
  p-cancelable@4.0.1:
    resolution: {integrity: sha512-wBowNApzd45EIKdO1LaU+LrMBwAcjfPaYtVzV3lmfM3gf8Z4CHZsiIqlM8TZZ8okYvh5A1cP6gTfCRQtwUpaUg==}
    engines: {node: '>=14.16'}
  p-defer@4.0.1:
    resolution: {integrity: sha512-Mr5KC5efvAK5VUptYEIopP1bakB85k2IWXaRC0rsh1uwn1L6M0LVml8OIQ4Gudg4oyZakf7FmeRLkMMtZW1i5A==}
    engines: {node: '>=12'}
  p-queue@9.3.3:
    resolution: {integrity: sha512-NXAOdnEe5FsZJfT4oK84lE1Y5cFFdWlRuOo5tww8DyNMxyRXwn39fIkUtNLKppcPC+UYU/bXujNCUGDv01y7CA==}
    engines: {node: '>=20'}
  p-timeout@7.0.1:
    resolution: {integrity: sha512-AxTM2wDGORHGEkPCt8yqxOTMgpfbEHqF51f/5fJCmwFC3C/zNcGT63SymH2ttOAaiIws2zVg4+izQCjrakcwHg==}
    engines: {node: '>=20'}
  progress-events@1.1.0:
    resolution: {integrity: sha512-82DVc5tI36neVB3IjdXR11ztwGuoBc98em9ijzubeZKxI47OlV2Znq6mlPqE5xPDzO2Uw98GHiQSjj2favBCRQ==}
  protons-runtime@5.6.0:
    resolution: {integrity: sha512-/Kde+sB9DsMFrddJT/UZWe6XqvL7SL5dbag/DBCElFKhkwDj7XKt53S+mzLyaDP5OqS0wXjV5SA572uWDaT0Hg==}
  quick-lru@5.1.1:
    resolution: {integrity: sha512-WuyALRjWPDGtt/wzJiadO5AXY+8hZ80hVpe6MyivgraREW751X3SbhRvG3eLKOYN+8VEvqLcf3wdnt44Z4S4SA==}
    engines: {node: '>=10'}
  rabin-wasm@0.1.5:
    resolution: {integrity: sha512-uWgQTo7pim1Rnj5TuWcCewRDTf0PEFTSlaUjWP4eY9EbLV9em08v89oCz/WO+wRxpYuO36XEHp4wgYQnAgOHzA==}
    hasBin: true
  race-signal@2.0.2:
    resolution: {integrity: sha512-IuNNNY5NLriMFEGl3BVei2xq9NIcpkuAklhPWamhu5tRJrJz0w9sloUMz73YXpmUluE2EZocmJm9rpQqXmCPiA==}
  readable-stream@3.6.2:
    resolution: {integrity: sha512-9u/sniCrY3D5WdsERHzHE4G2YCXqoG5FTHUiCC4SIbr6XcLZBY05ya9EKjYek9O5xOAwjGq+1JdGBAS7Q9ScoA==}
    engines: {node: '>= 6'}
  recursive-fs@2.1.0:
    resolution: {integrity: sha512-oed3YruYsD52Mi16s/07eYblQOLi5dTtxpIJNdfCEJ7S5v8dDgVcycar0pRWf4IBuPMIkoctC8RTqGJzIKMNAQ==}
    engines: {node: '>=10.0.0'}
    hasBin: true
  resolve-alpn@1.2.1:
    resolution: {integrity: sha512-0a1F4l73/ZFZOakJnQ3FvkJ2+gSTQWz/r2KE5OdDY0TxPm5h4GkqkWWfM47T7HsbnOtcJVEF4epCVy6u7Q3K+g==}
  responselike@4.0.2:
    resolution: {integrity: sha512-cGk8IbWEAnaCpdAt1BHzJ3Ahz5ewDJa0KseTsE3qIRMJ3C698W8psM7byCeWVpd/Ha7FUYzuRVzXoKoM6nRUbA==}
    engines: {node: '>=20'}
  safe-buffer@5.2.1:
    resolution: {integrity: sha512-rp3So07KcdmmKbGvgaNxQSJr7bGVSVk5S9Eq1F+ppbRo70+YeaDxkw5Dd8NPN+GD6bjnYm2VuPuCXmpuYvmCXQ==}
  sparse-array@1.3.2:
    resolution: {integrity: sha512-ZT711fePGn3+kQyLuv1fpd3rNSkNF8vd5Kv2D+qnOANeyKs3fx6bUMGWRPvgTTcYV64QMqZKZwcuaQSP3AZ0tg==}
  stream-browserify@3.0.0:
    resolution: {integrity: sha512-H73RAHsVBapbim0tU2JwwOiXUj+fikfiaoYAKHF3VJfA0pe2BCzkhAHBlLG6REzE+2WNZcxOXjK7lkso+9euLA==}
  string_decoder@1.3.0:
    resolution: {integrity: sha512-hkRX8U1WjJFd8LsDJ2yQ/wWWxaopEsABU1XfkM8A+j0+85JAGppt16cr1Whg6KIbb4okU6Mql6BOj+uup/wKeA==}
  supports-color@10.2.2:
    resolution: {integrity: sha512-SS+jx45GF1QjgEXQx4NJZV9ImqmO2NPz5FNsIHrsDjh2YsHnawpan7SNQ1o8NuhrbHZy9AZhIoCUiCeaW/C80g==}
    engines: {node: '>=18'}
  tr46@0.0.3:
    resolution: {integrity: sha512-N3WMsuqV66lT30CrXNbEjx4GEwlow3v6rr4mCcv6prnfwhS01rkgyFdjPNBYd9br7LpXV1+Emh01fHnq2Gdgrw==}
  tslib@2.8.1:
    resolution: {integrity: sha512-oJFu94HQb+KVduSUQL7wnpmqnfmLsOA/nAh6b6EH0wCEoK0/mPeXU6c3wKDV83MkOuHPRHtSXKKU99IBazS/2w==}
  type-fest@4.41.0:
    resolution: {integrity: sha512-TeTSQ6H5YHvpqVwBRcnLDCBnDOHWYu7IvGbHT6N8AOymcr9PJGjc1GTtiWZTYg0NCgYwvnYWEkVChQAr9bjfwA==}
    engines: {node: '>=16'}
  uint8-varint@2.0.5:
    resolution: {integrity: sha512-jeFLbL/x30wBRnWjKE1qVBXeumG46r7XmYkpis955lTQ+blccGKFrOsSMHlxePwYB1pI7L8YPHz1t4jLxEs3nA==}
  uint8-varint@3.0.0:
    resolution: {integrity: sha512-S4DdpXBaLwKcFo7f0bWzWfHjbZ/i3QhM842qn+ZvHjxqFCfUcEB9SQNcmI69S+zMlcmIcKxsk9Iyw77S2Kxv6Q==}
  uint8arraylist@2.4.9:
    resolution: {integrity: sha512-KxWjyEFzchzik3aoQlK66oaoxIReoMo5bQRm1fcjBUZvE8xv/tyR3CTKhjh6K/faV8VaF6hd5pjr45CzbwuwkA==}
  uint8arraylist@3.0.2:
    resolution: {integrity: sha512-LDVoq9BQaGJzGDUovEnoX6rpKCvnY/Jbtws4ikwnBzjRbq5qBAFpBZevUEbSmMM87aO0Sp+wOZy2ZXf5yODmXQ==}
  uint8arrays@5.1.1:
    resolution: {integrity: sha512-9muQwa4wZG4dKi9gMAIBtnk2Pw87SRpvWTH6lOGm19V2Uqxr4uomUf2PGqPnWc+qs06sN8owUU4jfcoWOcfwVQ==}
  uint8arrays@6.1.1:
    resolution: {integrity: sha512-iz7JN0XCSZYA111lhFG2Ui9EhFvTNekqSRHw3lvMHq+dzwWy1OQftxFQREEh4rffU0oSoXdQHsk2TiHKVm4fsA==}
  utf8-codec@1.0.0:
    resolution: {integrity: sha512-S/QSLezp3qvG4ld5PUfXiH7mCFxLKjSVZRFkB3DOjgwHuJPFDkInAXc/anf7BAbHt/D38ozDzL+QMZ6/7gsI6w==}
  util-deprecate@1.0.2:
    resolution: {integrity: sha512-EPD5q1uXyFxJpCrLnCc1nHnq3gOa6DZBocAIiI2TaSCA7VCJ1UJDMagCzIkXNsUYfD1daK//LTEQ8xiIbrHtcw==}
  varint@6.0.0:
    resolution: {integrity: sha512-cXEIW6cfr15lFv563k4GuVuW/fiwjknytD37jIOLSdSWuOI6WnO/oKwmP2FQTU2l01LP8/M5TSAJpzUaGe3uWg==}
  weald@1.1.3:
    resolution: {integrity: sha512-vMWtNbYuPb58NeG2+0sKA0Een4VMDwzf+3oHqh68buWRSOMUBlUeRb11LhV28czV+DUpJHRykifijZDuS9bInA==}
  webidl-conversions@3.0.1:
    resolution: {integrity: sha512-2JAn3z8AR6rjK8Sm8orRC0h/bcl/DqL7tRPdGZ4I1CjdF+EaMLmYxBHyXuKL849eucPFhvBoxMsflfOb8kxaeQ==}
  whatwg-url@5.0.0:
    resolution: {integrity: sha512-saE57nupxk6v3HY35+jzBwYa0rKSy0XR8JSxZPwgLr7ys0IBzhGviA1/TUGJLmSVqs8pb9AnvICXEuOHLprYTw==}
snapshots:
  '@assemblyscript/loader@0.9.4': {}
  '@aws-sdk/checksums@3.1000.29':
    dependencies:
      '@aws-sdk/core': 3.977.9
      '@aws-sdk/types': 3.974.5
      '@smithy/core': 3.33.3
      '@smithy/types': 4.17.2
      tslib: 2.8.1
  '@aws-sdk/client-s3@3.1121.0':
    dependencies:
      '@aws-sdk/checksums': 3.1000.29
      '@aws-sdk/core': 3.977.9
      '@aws-sdk/credential-provider-node': 3.972.81
      '@aws-sdk/middleware-sdk-s3': 3.972.75
      '@aws-sdk/signature-v4-multi-region': 3.996.46
      '@aws-sdk/types': 3.974.5
      '@smithy/core': 3.33.3
      '@smithy/fetch-http-handler': 5.7.2
      '@smithy/node-http-handler': 4.11.3
      '@smithy/types': 4.17.2
      tslib: 2.8.1
  '@aws-sdk/core@3.977.9':
    dependencies:
      '@aws-sdk/types': 3.974.5
      '@aws-sdk/xml-builder': 3.972.40
      '@aws/lambda-invoke-store': 0.3.0
      '@smithy/core': 3.33.3
      '@smithy/signature-v4': 5.7.3
      '@smithy/types': 4.17.2
      bowser: 2.14.1
      tslib: 2.8.1
  '@aws-sdk/credential-provider-env@3.972.70':
    dependencies:
      '@aws-sdk/core': 3.977.9
      '@aws-sdk/types': 3.974.5
      '@smithy/core': 3.33.3
      '@smithy/types': 4.17.2
      tslib: 2.8.1
  '@aws-sdk/credential-provider-http@3.972.72':
    dependencies:
      '@aws-sdk/core': 3.977.9
      '@aws-sdk/types': 3.974.5
      '@smithy/core': 3.33.3
      '@smithy/fetch-http-handler': 5.7.2
      '@smithy/node-http-handler': 4.11.3
      '@smithy/types': 4.17.2
      tslib: 2.8.1
  '@aws-sdk/credential-provider-ini@3.973.15':
    dependencies:
      '@aws-sdk/core': 3.977.9
      '@aws-sdk/credential-provider-env': 3.972.70
      '@aws-sdk/credential-provider-http': 3.972.72
      '@aws-sdk/credential-provider-login': 3.972.77
      '@aws-sdk/credential-provider-process': 3.972.70
      '@aws-sdk/credential-provider-sso': 3.973.14
      '@aws-sdk/credential-provider-web-identity': 3.972.76
      '@aws-sdk/nested-clients': 3.997.44
      '@aws-sdk/types': 3.974.5
      '@smithy/core': 3.33.3
      '@smithy/credential-provider-imds': 4.5.2
      '@smithy/types': 4.17.2
      tslib: 2.8.1
  '@aws-sdk/credential-provider-login@3.972.77':
    dependencies:
      '@aws-sdk/core': 3.977.9
      '@aws-sdk/nested-clients': 3.997.44
      '@aws-sdk/types': 3.974.5
      '@smithy/core': 3.33.3
      '@smithy/types': 4.17.2
      tslib: 2.8.1
  '@aws-sdk/credential-provider-node@3.972.81':
    dependencies:
      '@aws-sdk/credential-provider-env': 3.972.70
      '@aws-sdk/credential-provider-http': 3.972.72
      '@aws-sdk/credential-provider-ini': 3.973.15
      '@aws-sdk/credential-provider-process': 3.972.70
      '@aws-sdk/credential-provider-sso': 3.973.14
      '@aws-sdk/credential-provider-web-identity': 3.972.76
      '@aws-sdk/types': 3.974.5
      '@smithy/core': 3.33.3
      '@smithy/credential-provider-imds': 4.5.2
      '@smithy/types': 4.17.2
      tslib: 2.8.1
  '@aws-sdk/credential-provider-process@3.972.70':
    dependencies:
      '@aws-sdk/core': 3.977.9
      '@aws-sdk/types': 3.974.5
      '@smithy/core': 3.33.3
      '@smithy/types': 4.17.2
      tslib: 2.8.1
  '@aws-sdk/credential-provider-sso@3.973.14':
    dependencies:
      '@aws-sdk/core': 3.977.9
      '@aws-sdk/nested-clients': 3.997.44
      '@aws-sdk/token-providers': 3.1116.0
      '@aws-sdk/types': 3.974.5
      '@smithy/core': 3.33.3
      '@smithy/types': 4.17.2
      tslib: 2.8.1
  '@aws-sdk/credential-provider-web-identity@3.972.76':
    dependencies:
      '@aws-sdk/core': 3.977.9
      '@aws-sdk/nested-clients': 3.997.44
      '@aws-sdk/types': 3.974.5
      '@smithy/core': 3.33.3
      '@smithy/types': 4.17.2
      tslib: 2.8.1
  '@aws-sdk/lib-storage@3.1121.0(@aws-sdk/client-s3@3.1121.0)':
    dependencies:
      '@aws-sdk/client-s3': 3.1121.0
      '@smithy/core': 3.33.3
      '@smithy/types': 4.17.2
      buffer: 5.6.0
      events: 3.3.0
      stream-browserify: 3.0.0
      tslib: 2.8.1
  '@aws-sdk/middleware-sdk-s3@3.972.75':
    dependencies:
      '@aws-sdk/core': 3.977.9
      '@aws-sdk/signature-v4-multi-region': 3.996.46
      '@aws-sdk/types': 3.974.5
      '@smithy/core': 3.33.3
      '@smithy/types': 4.17.2
      tslib: 2.8.1
  '@aws-sdk/nested-clients@3.997.44':
    dependencies:
      '@aws-sdk/core': 3.977.9
      '@aws-sdk/signature-v4-multi-region': 3.996.46
      '@aws-sdk/types': 3.974.5
      '@smithy/core': 3.33.3
      '@smithy/fetch-http-handler': 5.7.2
      '@smithy/node-http-handler': 4.11.3
      '@smithy/types': 4.17.2
      tslib: 2.8.1
  '@aws-sdk/signature-v4-multi-region@3.996.46':
    dependencies:
      '@aws-sdk/types': 3.974.5
      '@smithy/signature-v4': 5.7.3
      '@smithy/types': 4.17.2
      tslib: 2.8.1
  '@aws-sdk/token-providers@3.1116.0':
    dependencies:
      '@aws-sdk/core': 3.977.9
      '@aws-sdk/nested-clients': 3.997.44
      '@aws-sdk/types': 3.974.5
      '@smithy/core': 3.33.3
      '@smithy/types': 4.17.2
      tslib: 2.8.1
  '@aws-sdk/types@3.974.5':
    dependencies:
      '@smithy/types': 4.17.2
      tslib: 2.8.1
  '@aws-sdk/xml-builder@3.972.40':
    dependencies:
      '@smithy/types': 4.17.2
      tslib: 2.8.1
  '@aws/lambda-invoke-store@0.3.0': {}
  '@chainsafe/is-ip@2.1.0': {}
  '@chainsafe/netmask@2.0.0':
    dependencies:
      '@chainsafe/is-ip': 2.1.0
  '@dnsquery/dns-packet@6.1.1':
    dependencies:
      '@leichtgewicht/ip-codec': 2.0.5
      utf8-codec: 1.0.0
  '@ipld/car@5.4.7':
    dependencies:
      '@ipld/dag-cbor': 10.0.2
      cborg: 6.1.2
      multiformats: 14.0.5
      varint: 6.0.0
  '@ipld/dag-cbor@10.0.2':
    dependencies:
      cborg: 6.1.2
      multiformats: 14.0.5
  '@ipld/dag-pb@4.1.7':
    dependencies:
      multiformats: 14.0.5
  '@keyv/serialize@1.1.1': {}
  '@leichtgewicht/ip-codec@2.0.5': {}
  '@libp2p/interface@2.11.0':
    dependencies:
      '@multiformats/dns': 1.0.15
      '@multiformats/multiaddr': 12.5.1
      it-pushable: 3.2.4
      it-stream-types: 2.0.4
      main-event: 1.0.5
      multiformats: 13.4.2
      progress-events: 1.1.0
      uint8arraylist: 2.4.9
  '@libp2p/interface@3.3.0':
    dependencies:
      '@multiformats/dns': 1.0.15
      '@multiformats/multiaddr': 13.0.3
      main-event: 1.0.5
      multiformats: 14.0.5
      progress-events: 1.1.0
      uint8arraylist: 3.0.2
  '@libp2p/logger@5.2.0':
    dependencies:
      '@libp2p/interface': 2.11.0
      '@multiformats/multiaddr': 12.5.1
      interface-datastore: 8.3.2
      multiformats: 13.4.2
      weald: 1.1.3
  '@multiformats/dns@1.0.15':
    dependencies:
      '@dnsquery/dns-packet': 6.1.1
      '@libp2p/interface': 3.3.0
      hashlru: 2.3.0
      p-queue: 9.3.3
      progress-events: 1.1.0
      uint8arrays: 6.1.1
  '@multiformats/multiaddr@12.5.1':
    dependencies:
      '@chainsafe/is-ip': 2.1.0
      '@chainsafe/netmask': 2.0.0
      '@multiformats/dns': 1.0.15
      abort-error: 1.0.2
      multiformats: 13.4.2
      uint8-varint: 2.0.5
      uint8arrays: 5.1.1
  '@multiformats/multiaddr@13.0.3':
    dependencies:
      '@chainsafe/is-ip': 2.1.0
      multiformats: 14.0.5
      uint8-varint: 3.0.0
      uint8arrays: 6.1.1
  '@multiformats/murmur3@2.2.8':
    dependencies:
      multiformats: 14.0.5
  '@sec-ant/readable-stream@0.4.1': {}
  '@sindresorhus/is@7.2.0': {}
  '@smithy/core@3.33.3':
    dependencies:
      '@smithy/types': 4.17.2
      tslib: 2.8.1
  '@smithy/credential-provider-imds@4.5.2':
    dependencies:
      '@smithy/core': 3.33.3
      '@smithy/types': 4.17.2
      tslib: 2.8.1
  '@smithy/fetch-http-handler@5.7.2':
    dependencies:
      '@smithy/core': 3.33.3
      '@smithy/types': 4.17.2
      tslib: 2.8.1
  '@smithy/node-http-handler@4.11.3':
    dependencies:
      '@smithy/core': 3.33.3
      '@smithy/types': 4.17.2
      tslib: 2.8.1
  '@smithy/signature-v4@5.7.3':
    dependencies:
      '@smithy/core': 3.33.3
      '@smithy/types': 4.17.2
      tslib: 2.8.1
  '@smithy/types@4.17.2':
    dependencies:
      tslib: 2.8.1
  '@types/http-cache-semantics@4.0.4': {}
  abort-error@1.0.2: {}
  asynckit@0.4.0: {}
  base-path-converter@1.0.2: {}
  base64-js@1.5.1: {}
  bl@5.1.0:
    dependencies:
      buffer: 6.0.3
      inherits: 2.0.4
      readable-stream: 3.6.2
  blockstore-core@5.0.4:
    dependencies:
      '@libp2p/logger': 5.2.0
      interface-blockstore: 5.3.2
      interface-store: 6.0.3
      it-filter: 3.1.6
      it-merge: 3.0.15
      multiformats: 13.4.2
  bowser@2.14.1: {}
  buffer@5.6.0:
    dependencies:
      base64-js: 1.5.1
      ieee754: 1.2.1
  buffer@6.0.3:
    dependencies:
      base64-js: 1.5.1
      ieee754: 1.2.1
  byte-counter@0.1.0: {}
  cacheable-lookup@7.0.0: {}
  cacheable-request@13.0.18:
    dependencies:
      '@types/http-cache-semantics': 4.0.4
      get-stream: 9.0.1
      http-cache-semantics: 4.2.0
      keyv: 5.6.0
      mimic-response: 4.0.0
      normalize-url: 8.1.1
      responselike: 4.0.2
  call-bind-apply-helpers@1.0.2:
    dependencies:
      es-errors: 1.3.0
      function-bind: 1.1.2
  cborg@6.1.2: {}
  combined-stream@1.0.8:
    dependencies:
      delayed-stream: 1.0.0
  debug@4.4.3:
    dependencies:
      ms: 2.1.3
  decompress-response@10.0.0:
    dependencies:
      mimic-response: 4.0.0
  delayed-stream@1.0.0: {}
  dunder-proto@1.0.1:
    dependencies:
      call-bind-apply-helpers: 1.0.2
      es-errors: 1.3.0
      gopd: 1.2.0
  es-define-property@1.0.1: {}
  es-errors@1.3.0: {}
  es-object-atoms@1.1.1:
    dependencies:
      es-errors: 1.3.0
  es-set-tostringtag@2.1.0:
    dependencies:
      es-errors: 1.3.0
      get-intrinsic: 1.3.0
      has-tostringtag: 1.0.2
      hasown: 2.0.4
  eventemitter3@5.0.4: {}
  events@3.3.0: {}
  form-data-encoder@4.1.0: {}
  form-data@4.0.6:
    dependencies:
      asynckit: 0.4.0
      combined-stream: 1.0.8
      es-set-tostringtag: 2.1.0
      hasown: 2.0.4
      mime-types: 2.1.35
  function-bind@1.1.2: {}
  get-intrinsic@1.3.0:
    dependencies:
      call-bind-apply-helpers: 1.0.2
      es-define-property: 1.0.1
      es-errors: 1.3.0
      es-object-atoms: 1.1.1
      function-bind: 1.1.2
      get-proto: 1.0.1
      gopd: 1.2.0
      has-symbols: 1.1.0
      hasown: 2.0.4
      math-intrinsics: 1.1.0
  get-proto@1.0.1:
    dependencies:
      dunder-proto: 1.0.1
      es-object-atoms: 1.1.1
  get-stream@9.0.1:
    dependencies:
      '@sec-ant/readable-stream': 0.4.1
      is-stream: 4.0.1
  gopd@1.2.0: {}
  got@14.6.6:
    dependencies:
      '@sindresorhus/is': 7.2.0
      byte-counter: 0.1.0
      cacheable-lookup: 7.0.0
      cacheable-request: 13.0.18
      decompress-response: 10.0.0
      form-data-encoder: 4.1.0
      http2-wrapper: 2.2.1
      keyv: 5.6.0
      lowercase-keys: 3.0.0
      p-cancelable: 4.0.1
      responselike: 4.0.2
      type-fest: 4.41.0
  hamt-sharding@3.0.8:
    dependencies:
      sparse-array: 1.3.2
      uint8arrays: 6.1.1
  has-symbols@1.1.0: {}
  has-tostringtag@1.0.2:
    dependencies:
      has-symbols: 1.1.0
  hashlru@2.3.0: {}
  hasown@2.0.4:
    dependencies:
      function-bind: 1.1.2
  http-cache-semantics@4.2.0: {}
  http2-wrapper@2.2.1:
    dependencies:
      quick-lru: 5.1.1
      resolve-alpn: 1.2.1
  ieee754@1.2.1: {}
  inherits@2.0.4: {}
  interface-blockstore@5.3.2:
    dependencies:
      interface-store: 6.0.3
      multiformats: 13.4.2
  interface-datastore@8.3.2:
    dependencies:
      interface-store: 6.0.3
      uint8arrays: 5.1.1
  interface-store@6.0.3: {}
  ipfs-unixfs-importer@15.4.0:
    dependencies:
      '@ipld/dag-pb': 4.1.7
      '@multiformats/murmur3': 2.2.8
      hamt-sharding: 3.0.8
      interface-blockstore: 5.3.2
      interface-store: 6.0.3
      ipfs-unixfs: 11.2.5
      it-all: 3.0.11
      it-batch: 3.0.11
      it-first: 3.0.11
      it-parallel-batch: 3.0.11
      multiformats: 13.4.2
      progress-events: 1.1.0
      rabin-wasm: 0.1.5
      uint8arraylist: 2.4.9
      uint8arrays: 5.1.1
    transitivePeerDependencies:
      - encoding
      - supports-color
  ipfs-unixfs@11.2.5:
    dependencies:
      protons-runtime: 5.6.0
      uint8arraylist: 2.4.9
  is-stream@4.0.1: {}
  it-all@3.0.11: {}
  it-batch@3.0.11: {}
  it-filter@3.1.6:
    dependencies:
      it-peekable: 3.0.10
  it-first@3.0.11: {}
  it-merge@3.0.15:
    dependencies:
      it-queueless-pushable: 2.0.5
  it-parallel-batch@3.0.11:
    dependencies:
      it-batch: 3.0.11
  it-peekable@3.0.10: {}
  it-pushable@3.2.4:
    dependencies:
      p-defer: 4.0.1
  it-queueless-pushable@2.0.5:
    dependencies:
      abort-error: 1.0.2
      p-defer: 4.0.1
      race-signal: 2.0.2
  it-stream-types@2.0.4: {}
  keyv@5.6.0:
    dependencies:
      '@keyv/serialize': 1.1.1
  lowercase-keys@3.0.0: {}
  main-event@1.0.5: {}
  math-intrinsics@1.1.0: {}
  mime-db@1.52.0: {}
  mime-types@2.1.35:
    dependencies:
      mime-db: 1.52.0
  mimic-response@4.0.0: {}
  minimist@1.2.8: {}
  ms@2.1.3: {}
  ms@4.0.0-nightly.202508271359: {}
  multiformats@13.4.2: {}
  multiformats@14.0.5: {}
  node-fetch@2.7.0:
    dependencies:
      whatwg-url: 5.0.0
  normalize-url@8.1.1: {}
  p-cancelable@4.0.1: {}
  p-defer@4.0.1: {}
  p-queue@9.3.3:
    dependencies:
      eventemitter3: 5.0.4
      p-timeout: 7.0.1
  p-timeout@7.0.1: {}
  progress-events@1.1.0: {}
  protons-runtime@5.6.0:
    dependencies:
      uint8-varint: 2.0.5
      uint8arraylist: 2.4.9
      uint8arrays: 5.1.1
  quick-lru@5.1.1: {}
  rabin-wasm@0.1.5:
    dependencies:
      '@assemblyscript/loader': 0.9.4
      bl: 5.1.0
      debug: 4.4.3
      minimist: 1.2.8
      node-fetch: 2.7.0
      readable-stream: 3.6.2
    transitivePeerDependencies:
      - encoding
      - supports-color
  race-signal@2.0.2: {}
  readable-stream@3.6.2:
    dependencies:
      inherits: 2.0.4
      string_decoder: 1.3.0
      util-deprecate: 1.0.2
  recursive-fs@2.1.0: {}
  resolve-alpn@1.2.1: {}
  responselike@4.0.2:
    dependencies:
      lowercase-keys: 3.0.0
  safe-buffer@5.2.1: {}
  sparse-array@1.3.2: {}
  stream-browserify@3.0.0:
    dependencies:
      inherits: 2.0.4
      readable-stream: 3.6.2
  string_decoder@1.3.0:
    dependencies:
      safe-buffer: 5.2.1
  supports-color@10.2.2: {}
  tr46@0.0.3: {}
  tslib@2.8.1: {}
  type-fest@4.41.0: {}
  uint8-varint@2.0.5:
    dependencies:
      uint8arraylist: 2.4.9
      uint8arrays: 5.1.1
  uint8-varint@3.0.0:
    dependencies:
      uint8arraylist: 3.0.2
      uint8arrays: 6.1.1
  uint8arraylist@2.4.9:
    dependencies:
      uint8arrays: 5.1.1
  uint8arraylist@3.0.2:
    dependencies:
      uint8arrays: 6.1.1
  uint8arrays@5.1.1:
    dependencies:
      multiformats: 13.4.2
  uint8arrays@6.1.1:
    dependencies:
      multiformats: 14.0.5
  utf8-codec@1.0.0: {}
  util-deprecate@1.0.2: {}
  varint@6.0.0: {}
  weald@1.1.3:
    dependencies:
      ms: 4.0.0-nightly.202508271359
      supports-color: 10.2.2
  webidl-conversions@3.0.1: {}
  whatwg-url@5.0.0:
    dependencies:
      tr46: 0.0.3
      webidl-conversions: 3.0.1
